// !$*UTF8*$!
{
	archiveVersion = 1;
	classes = {
	};
	objectVersion = 46;
	objects = {

/* Begin PBXBuildFile section */
		5A84ACE71F11E38D00FC0E9A /* AppDelegate.swift in Sources */ = {isa = PBXBuildFile; fileRef = 5A84ACE61F11E38D00FC0E9A /* AppDelegate.swift */; };
		5A84ACEC1F11E38D00FC0E9A /* Main.storyboard in Resources */ = {isa = PBXBuildFile; fileRef = 5A84ACEA1F11E38D00FC0E9A /* Main.storyboard */; };
		5A84ACEE1F11E38D00FC0E9A /* Assets.xcassets in Resources */ = {isa = PBXBuildFile; fileRef = 5A84ACED1F11E38D00FC0E9A /* Assets.xcassets */; };
		5A84ACF11F11E38D00FC0E9A /* LaunchScreen.storyboard in Resources */ = {isa = PBXBuildFile; fileRef = 5A84ACEF1F11E38D00FC0E9A /* LaunchScreen.storyboard */; };
		5A84ACFA1F11E4D900FC0E9A /* AVFoundation.framework in Frameworks */ = {isa = PBXBuildFile; fileRef = 5A84ACF91F11E4D900FC0E9A /* AVFoundation.framework */; };
		5A84ACFF1F12421200FC0E9A /* AudioList.plist in Resources */ = {isa = PBXBuildFile; fileRef = 5A84ACFE1F12421200FC0E9A /* AudioList.plist */; };
		5A97AA8B1F3E067A00C534A0 /* 《红楼梦》第二十六回 蜂腰桥设言传心事 潇湘馆春困发幽情 上.mp3 in Resources */ = {isa = PBXBuildFile; fileRef = 5A97AA871F3E067A00C534A0 /* 《红楼梦》第二十六回 蜂腰桥设言传心事 潇湘馆春困发幽情 上.mp3 */; };
		5A97AA8C1F3E067A00C534A0 /* 《红楼梦》第二十六回 蜂腰桥设言传心事 潇湘馆春困发幽情 下.mp3 in Resources */ = {isa = PBXBuildFile; fileRef = 5A97AA881F3E067A00C534A0 /* 《红楼梦》第二十六回 蜂腰桥设言传心事 潇湘馆春困发幽情 下.mp3 */; };
		5A97AA8D1F3E067A00C534A0 /* 《红楼梦》第二十五回 魇魔法姊弟逢五鬼 红楼梦通灵遇双真 上.mp3 in Resources */ = {isa = PBXBuildFile; fileRef = 5A97AA891F3E067A00C534A0 /* 《红楼梦》第二十五回 魇魔法姊弟逢五鬼 红楼梦通灵遇双真 上.mp3 */; };
		5A97AA8E1F3E067A00C534A0 /* Hotel California_Eagles_Selected Works 1972-1999.mp3 in Resources */ = {isa = PBXBuildFile; fileRef = 5A97AA8A1F3E067A00C534A0 /* Hotel California_Eagles_Selected Works 1972-1999.mp3 */; };
		5A97AA911F3F467D00C534A0 /* Helper.swift in Sources */ = {isa = PBXBuildFile; fileRef = 5A97AA901F3F467D00C534A0 /* Helper.swift */; };
		5A97AA931F4014F800C534A0 /* Player.swift in Sources */ = {isa = PBXBuildFile; fileRef = 5A97AA921F4014F800C534A0 /* Player.swift */; };
		5A97AA961F4064C900C534A0 /* TempViewController.swift in Sources */ = {isa = PBXBuildFile; fileRef = 5A97AA951F4064C900C534A0 /* TempViewController.swift */; };
		5AEF978D1F2252C3000E7628 /* ViewController.swift in Sources */ = {isa = PBXBuildFile; fileRef = 5AEF978C1F2252C3000E7628 /* ViewController.swift */; };
		5AEF97921F2252CE000E7628 /* AudioModel.swift in Sources */ = {isa = PBXBuildFile; fileRef = 5AEF978F1F2252CE000E7628 /* AudioModel.swift */; };
		5AEF97931F2252CE000E7628 /* PlayListTableViewCell.swift in Sources */ = {isa = PBXBuildFile; fileRef = 5AEF97901F2252CE000E7628 /* PlayListTableViewCell.swift */; };
		5AEF97941F2252CE000E7628 /* PlayListViewController.swift in Sources */ = {isa = PBXBuildFile; fileRef = 5AEF97911F2252CE000E7628 /* PlayListViewController.swift */; };
		5AF8BBEC1F1A448900B97865 /* PlayerViewController.swift in Sources */ = {isa = PBXBuildFile; fileRef = 5AF8BBEB1F1A448900B97865 /* PlayerViewController.swift */; };
		5AF8BCB21F1A793F00B97865 /* checkbox_off@2x.png in Resources */ = {isa = PBXBuildFile; fileRef = 5AF8BC701F1A793F00B97865 /* checkbox_off@2x.png */; };
		5AF8BCB31F1A793F00B97865 /* checkbox_on@2x.png in Resources */ = {isa = PBXBuildFile; fileRef = 5AF8BC711F1A793F00B97865 /* checkbox_on@2x.png */; };
		5AF8BCB41F1A793F00B97865 /* hp_player_btn_next_highlight@2x.png in Resources */ = {isa = PBXBuildFile; fileRef = 5AF8BC721F1A793F00B97865 /* hp_player_btn_next_highlight@2x.png */; };
		5AF8BCB51F1A793F00B97865 /* hp_player_btn_next_normal@2x.png in Resources */ = {isa = PBXBuildFile; fileRef = 5AF8BC731F1A793F00B97865 /* hp_player_btn_next_normal@2x.png */; };
		5AF8BCB61F1A793F00B97865 /* hp_player_btn_pause_highlight@2x.png in Resources */ = {isa = PBXBuildFile; fileRef = 5AF8BC741F1A793F00B97865 /* hp_player_btn_pause_highlight@2x.png */; };
		5AF8BCB71F1A793F00B97865 /* hp_player_btn_pause_normal@2x.png in Resources */ = {isa = PBXBuildFile; fileRef = 5AF8BC751F1A793F00B97865 /* hp_player_btn_pause_normal@2x.png */; };
		5AF8BCB81F1A793F00B97865 /* hp_player_btn_play_highlight@2x.png in Resources */ = {isa = PBXBuildFile; fileRef = 5AF8BC761F1A793F00B97865 /* hp_player_btn_play_highlight@2x.png */; };
		5AF8BCB91F1A793F00B97865 /* hp_player_btn_play_normal@2x.png in Resources */ = {isa = PBXBuildFile; fileRef = 5AF8BC771F1A793F00B97865 /* hp_player_btn_play_normal@2x.png */; };
		5AF8BCBA1F1A793F00B97865 /* hp_player_btn_pre_highlight@2x.png in Resources */ = {isa = PBXBuildFile; fileRef = 5AF8BC781F1A793F00B97865 /* hp_player_btn_pre_highlight@2x.png */; };
		5AF8BCBB1F1A793F00B97865 /* hp_player_btn_pre_normal@2x.png in Resources */ = {isa = PBXBuildFile; fileRef = 5AF8BC791F1A793F00B97865 /* hp_player_btn_pre_normal@2x.png */; };
		5AF8BCBC1F1A793F00B97865 /* hp_player_progress_forword@2x.png in Resources */ = {isa = PBXBuildFile; fileRef = 5AF8BC7A1F1A793F00B97865 /* hp_player_progress_forword@2x.png */; };
		5AF8BCBD1F1A793F00B97865 /* hp_player_progress_played@2x.png in Resources */ = {isa = PBXBuildFile; fileRef = 5AF8BC7B1F1A793F00B97865 /* hp_player_progress_played@2x.png */; };
		5AF8BCBE1F1A793F00B97865 /* hp_player_progress_reverse@2x.png in Resources */ = {isa = PBXBuildFile; fileRef = 5AF8BC7C1F1A793F00B97865 /* hp_player_progress_reverse@2x.png */; };
		5AF8BCBF1F1A793F00B97865 /* icon_manage_downloadingView@2x.png in Resources */ = {isa = PBXBuildFile; fileRef = 5AF8BC7D1F1A793F00B97865 /* icon_manage_downloadingView@2x.png */; };
		5AF8BCC01F1A793F00B97865 /* icon_manage_downloadingView_pressed@2x.png in Resources */ = {isa = PBXBuildFile; fileRef = 5AF8BC7E1F1A793F00B97865 /* icon_manage_downloadingView_pressed@2x.png */; };
		5AF8BCC11F1A793F00B97865 /* icon_operate_play@2x.png in Resources */ = {isa = PBXBuildFile; fileRef = 5AF8BC7F1F1A793F00B97865 /* icon_operate_play@2x.png */; };
		5AF8BCC21F1A793F00B97865 /* icon_operate_play_pressed@2x.png in Resources */ = {isa = PBXBuildFile; fileRef = 5AF8BC801F1A793F00B97865 /* icon_operate_play_pressed@2x.png */; };
		5AF8BCC31F1A793F00B97865 /* list_play@2x.png in Resources */ = {isa = PBXBuildFile; fileRef = 5AF8BC811F1A793F00B97865 /* list_play@2x.png */; };
		5AF8BCC41F1A793F00B97865 /* list_play_pressed@2x.png in Resources */ = {isa = PBXBuildFile; fileRef = 5AF8BC821F1A793F00B97865 /* list_play_pressed@2x.png */; };
		5AF8BCC51F1A793F00B97865 /* miniplayer_btn_playlist_highlight@2x.png in Resources */ = {isa = PBXBuildFile; fileRef = 5AF8BC831F1A793F00B97865 /* miniplayer_btn_playlist_highlight@2x.png */; };
		5AF8BCC61F1A793F00B97865 /* miniplayer_btn_playlist_normal@2x.png in Resources */ = {isa = PBXBuildFile; fileRef = 5AF8BC841F1A793F00B97865 /* miniplayer_btn_playlist_normal@2x.png */; };
		5AF8BCC71F1A793F00B97865 /* miniplayer_btn_random_highlight@2x.png in Resources */ = {isa = PBXBuildFile; fileRef = 5AF8BC851F1A793F00B97865 /* miniplayer_btn_random_highlight@2x.png */; };
		5AF8BCC81F1A793F00B97865 /* miniplayer_btn_random_highlight_b@2x.png in Resources */ = {isa = PBXBuildFile; fileRef = 5AF8BC861F1A793F00B97865 /* miniplayer_btn_random_highlight_b@2x.png */; };
		5AF8BCC91F1A793F00B97865 /* miniplayer_btn_random_normal@2x.png in Resources */ = {isa = PBXBuildFile; fileRef = 5AF8BC871F1A793F00B97865 /* miniplayer_btn_random_normal@2x.png */; };
		5AF8BCCA1F1A793F00B97865 /* miniplayer_btn_random_normal_b@2x.png in Resources */ = {isa = PBXBuildFile; fileRef = 5AF8BC881F1A793F00B97865 /* miniplayer_btn_random_normal_b@2x.png */; };
		5AF8BCCB1F1A793F00B97865 /* miniplayer_btn_repeat_highlight@2x.png in Resources */ = {isa = PBXBuildFile; fileRef = 5AF8BC891F1A793F00B97865 /* miniplayer_btn_repeat_highlight@2x.png */; };
		5AF8BCCC1F1A793F00B97865 /* miniplayer_btn_repeat_highlight_b@2x.png in Resources */ = {isa = PBXBuildFile; fileRef = 5AF8BC8A1F1A793F00B97865 /* miniplayer_btn_repeat_highlight_b@2x.png */; };
		5AF8BCCD1F1A793F00B97865 /* miniplayer_btn_repeat_normal@2x.png in Resources */ = {isa = PBXBuildFile; fileRef = 5AF8BC8B1F1A793F00B97865 /* miniplayer_btn_repeat_normal@2x.png */; };
		5AF8BCCE1F1A793F00B97865 /* miniplayer_btn_repeat_normal_b@2x.png in Resources */ = {isa = PBXBuildFile; fileRef = 5AF8BC8C1F1A793F00B97865 /* miniplayer_btn_repeat_normal_b@2x.png */; };
		5AF8BCCF1F1A793F00B97865 /* miniplayer_btn_repeatone_highlight@2x.png in Resources */ = {isa = PBXBuildFile; fileRef = 5AF8BC8D1F1A793F00B97865 /* miniplayer_btn_repeatone_highlight@2x.png */; };
		5AF8BCD01F1A793F00B97865 /* miniplayer_btn_repeatone_highlight_b@2x.png in Resources */ = {isa = PBXBuildFile; fileRef = 5AF8BC8E1F1A793F00B97865 /* miniplayer_btn_repeatone_highlight_b@2x.png */; };
		5AF8BCD11F1A793F00B97865 /* miniplayer_btn_repeatone_normal@2x.png in Resources */ = {isa = PBXBuildFile; fileRef = 5AF8BC8F1F1A793F00B97865 /* miniplayer_btn_repeatone_normal@2x.png */; };
		5AF8BCD21F1A793F00B97865 /* miniplayer_btn_repeatone_normal_b@2x.png in Resources */ = {isa = PBXBuildFile; fileRef = 5AF8BC901F1A793F00B97865 /* miniplayer_btn_repeatone_normal_b@2x.png */; };
		5AF8BCD31F1A793F00B97865 /* player_btn_more_highlight@2x.png in Resources */ = {isa = PBXBuildFile; fileRef = 5AF8BC911F1A793F00B97865 /* player_btn_more_highlight@2x.png */; };
		5AF8BCD41F1A793F00B97865 /* player_btn_more_normal@2x.png in Resources */ = {isa = PBXBuildFile; fileRef = 5AF8BC921F1A793F00B97865 /* player_btn_more_normal@2x.png */; };
		5AF8BCD51F1A793F00B97865 /* player_btn_next_highlight@2x.png in Resources */ = {isa = PBXBuildFile; fileRef = 5AF8BC931F1A793F00B97865 /* player_btn_next_highlight@2x.png */; };
		5AF8BCD61F1A793F00B97865 /* player_btn_next_normal@2x.png in Resources */ = {isa = PBXBuildFile; fileRef = 5AF8BC941F1A793F00B97865 /* player_btn_next_normal@2x.png */; };
		5AF8BCD71F1A793F00B97865 /* player_btn_pause_highlight@2x.png in Resources */ = {isa = PBXBuildFile; fileRef = 5AF8BC951F1A793F00B97865 /* player_btn_pause_highlight@2x.png */; };
		5AF8BCD81F1A793F00B97865 /* player_btn_pause_normal@2x.png in Resources */ = {isa = PBXBuildFile; fileRef = 5AF8BC961F1A793F00B97865 /* player_btn_pause_normal@2x.png */; };
		5AF8BCD91F1A793F00B97865 /* player_btn_play_highlight@2x.png in Resources */ = {isa = PBXBuildFile; fileRef = 5AF8BC971F1A793F00B97865 /* player_btn_play_highlight@2x.png */; };
		5AF8BCDA1F1A793F00B97865 /* player_btn_play_normal@2x.png in Resources */ = {isa = PBXBuildFile; fileRef = 5AF8BC981F1A793F00B97865 /* player_btn_play_normal@2x.png */; };
		5AF8BCDB1F1A793F00B97865 /* player_btn_playlist_highlight@2x.png in Resources */ = {isa = PBXBuildFile; fileRef = 5AF8BC991F1A793F00B97865 /* player_btn_playlist_highlight@2x.png */; };
		5AF8BCDC1F1A793F00B97865 /* player_btn_playlist_normal@2x.png in Resources */ = {isa = PBXBuildFile; fileRef = 5AF8BC9A1F1A793F00B97865 /* player_btn_playlist_normal@2x.png */; };
		5AF8BCDD1F1A793F00B97865 /* player_btn_pre_highlight@2x.png in Resources */ = {isa = PBXBuildFile; fileRef = 5AF8BC9B1F1A793F00B97865 /* player_btn_pre_highlight@2x.png */; };
		5AF8BCDE1F1A793F00B97865 /* player_btn_pre_normal@2x.png in Resources */ = {isa = PBXBuildFile; fileRef = 5AF8BC9C1F1A793F00B97865 /* player_btn_pre_normal@2x.png */; };
		5AF8BCDF1F1A793F00B97865 /* player_btn_random_disable@2x.png in Resources */ = {isa = PBXBuildFile; fileRef = 5AF8BC9D1F1A793F00B97865 /* player_btn_random_disable@2x.png */; };
		5AF8BCE01F1A793F00B97865 /* player_btn_random_highlight@2x.png in Resources */ = {isa = PBXBuildFile; fileRef = 5AF8BC9E1F1A793F00B97865 /* player_btn_random_highlight@2x.png */; };
		5AF8BCE11F1A793F00B97865 /* player_btn_random_normal@2x.png in Resources */ = {isa = PBXBuildFile; fileRef = 5AF8BC9F1F1A793F00B97865 /* player_btn_random_normal@2x.png */; };
		5AF8BCE21F1A793F00B97865 /* player_btn_repeat_disable@2x.png in Resources */ = {isa = PBXBuildFile; fileRef = 5AF8BCA01F1A793F00B97865 /* player_btn_repeat_disable@2x.png */; };
		5AF8BCE31F1A793F00B97865 /* player_btn_repeat_highlight@2x.png in Resources */ = {isa = PBXBuildFile; fileRef = 5AF8BCA11F1A793F00B97865 /* player_btn_repeat_highlight@2x.png */; };
		5AF8BCE41F1A793F00B97865 /* player_btn_repeat_normal@2x.png in Resources */ = {isa = PBXBuildFile; fileRef = 5AF8BCA21F1A793F00B97865 /* player_btn_repeat_normal@2x.png */; };
		5AF8BCE51F1A793F00B97865 /* player_btn_repeatone_disable@2x.png in Resources */ = {isa = PBXBuildFile; fileRef = 5AF8BCA31F1A793F00B97865 /* player_btn_repeatone_disable@2x.png */; };
		5AF8BCE61F1A793F00B97865 /* player_btn_repeatone_highlight@2x.png in Resources */ = {isa = PBXBuildFile; fileRef = 5AF8BCA41F1A793F00B97865 /* player_btn_repeatone_highlight@2x.png */; };
		5AF8BCE71F1A793F00B97865 /* player_btn_repeatone_normal@2x.png in Resources */ = {isa = PBXBuildFile; fileRef = 5AF8BCA51F1A793F00B97865 /* player_btn_repeatone_normal@2x.png */; };
		5AF8BCE81F1A793F00B97865 /* player_slider_playback_left@2x.png in Resources */ = {isa = PBXBuildFile; fileRef = 5AF8BCA61F1A793F00B97865 /* player_slider_playback_left@2x.png */; };
		5AF8BCE91F1A793F00B97865 /* player_slider_playback_right@2x.png in Resources */ = {isa = PBXBuildFile; fileRef = 5AF8BCA71F1A793F00B97865 /* player_slider_playback_right@2x.png */; };
		5AF8BCEA1F1A793F00B97865 /* player_slider_playback_thumb@2x.png in Resources */ = {isa = PBXBuildFile; fileRef = 5AF8BCA81F1A793F00B97865 /* player_slider_playback_thumb@2x.png */; };
		5AF8BCEB1F1A793F00B97865 /* playing_volumn_slide_sound_little_icon@2x.png in Resources */ = {isa = PBXBuildFile; fileRef = 5AF8BCA91F1A793F00B97865 /* playing_volumn_slide_sound_little_icon@2x.png */; };
		5AF8BCEC1F1A793F00B97865 /* playing_volumn_slide_sound_little_icon_b@2x.png in Resources */ = {isa = PBXBuildFile; fileRef = 5AF8BCAA1F1A793F00B97865 /* playing_volumn_slide_sound_little_icon_b@2x.png */; };
		5AF8BCED1F1A793F00B97865 /* playing_volumn_slide_sound_little_icon_h@2x.png in Resources */ = {isa = PBXBuildFile; fileRef = 5AF8BCAB1F1A793F00B97865 /* playing_volumn_slide_sound_little_icon_h@2x.png */; };
		5AF8BCEE1F1A793F00B97865 /* playing_volumn_slide_sound_little_icon_h_b@2x.png in Resources */ = {isa = PBXBuildFile; fileRef = 5AF8BCAC1F1A793F00B97865 /* playing_volumn_slide_sound_little_icon_h_b@2x.png */; };
		5AF8BCEF1F1A793F00B97865 /* playing_volumn_sound_icon@2x.png in Resources */ = {isa = PBXBuildFile; fileRef = 5AF8BCAD1F1A793F00B97865 /* playing_volumn_sound_icon@2x.png */; };
		5AF8BCF01F1A793F00B97865 /* playing_volumn_sound_icon_b@2x.png in Resources */ = {isa = PBXBuildFile; fileRef = 5AF8BCAE1F1A793F00B97865 /* playing_volumn_sound_icon_b@2x.png */; };
		5AF8BCF11F1A793F00B97865 /* playing_volumn_sound_icon_h@2x.png in Resources */ = {isa = PBXBuildFile; fileRef = 5AF8BCAF1F1A793F00B97865 /* playing_volumn_sound_icon_h@2x.png */; };
		5AF8BCF21F1A793F00B97865 /* playing_volumn_sound_icon_h_b@2x.png in Resources */ = {isa = PBXBuildFile; fileRef = 5AF8BCB01F1A793F00B97865 /* playing_volumn_sound_icon_h_b@2x.png */; };
		5AF8BCF31F1A793F00B97865 /* videoPoster_oringinal@2x.png in Resources */ = {isa = PBXBuildFile; fileRef = 5AF8BCB11F1A793F00B97865 /* videoPoster_oringinal@2x.png */; };
/* End PBXBuildFile section */

/* Begin PBXFileReference section */
		5A84ACE31F11E38D00FC0E9A /* AudioPlayer.app */ = {isa = PBXFileReference; explicitFileType = wrapper.application; includeInIndex = 0; path = AudioPlayer.app; sourceTree = BUILT_PRODUCTS_DIR; };
		5A84ACE61F11E38D00FC0E9A /* AppDelegate.swift */ = {isa = PBXFileReference; lastKnownFileType = sourcecode.swift; path = AppDelegate.swift; sourceTree = "<group>"; };
		5A84ACEB1F11E38D00FC0E9A /* Base */ = {isa = PBXFileReference; lastKnownFileType = file.storyboard; name = Base; path = Base.lproj/Main.storyboard; sourceTree = "<group>"; };
		5A84ACED1F11E38D00FC0E9A /* Assets.xcassets */ = {isa = PBXFileReference; lastKnownFileType = folder.assetcatalog; path = Assets.xcassets; sourceTree = "<group>"; };
		5A84ACF01F11E38D00FC0E9A /* Base */ = {isa = PBXFileReference; lastKnownFileType = file.storyboard; name = Base; path = Base.lproj/LaunchScreen.storyboard; sourceTree = "<group>"; };
		5A84ACF21F11E38D00FC0E9A /* Info.plist */ = {isa = PBXFileReference; lastKnownFileType = text.plist.xml; path = Info.plist; sourceTree = "<group>"; };
		5A84ACF91F11E4D900FC0E9A /* AVFoundation.framework */ = {isa = PBXFileReference; lastKnownFileType = wrapper.framework; name = AVFoundation.framework; path = System/Library/Frameworks/AVFoundation.framework; sourceTree = SDKROOT; };
		5A84ACFE1F12421200FC0E9A /* AudioList.plist */ = {isa = PBXFileReference; fileEncoding = 4; lastKnownFileType = text.plist.xml; path = AudioList.plist; sourceTree = "<group>"; };
		5A97AA871F3E067A00C534A0 /* 《红楼梦》第二十六回 蜂腰桥设言传心事 潇湘馆春困发幽情 上.mp3 */ = {isa = PBXFileReference; lastKnownFileType = audio.mp3; path = "《红楼梦》第二十六回 蜂腰桥设言传心事 潇湘馆春困发幽情 上.mp3"; sourceTree = "<group>"; };
		5A97AA881F3E067A00C534A0 /* 《红楼梦》第二十六回 蜂腰桥设言传心事 潇湘馆春困发幽情 下.mp3 */ = {isa = PBXFileReference; lastKnownFileType = audio.mp3; path = "《红楼梦》第二十六回 蜂腰桥设言传心事 潇湘馆春困发幽情 下.mp3"; sourceTree = "<group>"; };
		5A97AA891F3E067A00C534A0 /* 《红楼梦》第二十五回 魇魔法姊弟逢五鬼 红楼梦通灵遇双真 上.mp3 */ = {isa = PBXFileReference; lastKnownFileType = audio.mp3; path = "《红楼梦》第二十五回 魇魔法姊弟逢五鬼 红楼梦通灵遇双真 上.mp3"; sourceTree = "<group>"; };
		5A97AA8A1F3E067A00C534A0 /* Hotel California_Eagles_Selected Works 1972-1999.mp3 */ = {isa = PBXFileReference; lastKnownFileType = audio.mp3; path = "Hotel California_Eagles_Selected Works 1972-1999.mp3"; sourceTree = "<group>"; };
		5A97AA901F3F467D00C534A0 /* Helper.swift */ = {isa = PBXFileReference; fileEncoding = 4; lastKnownFileType = sourcecode.swift; path = Helper.swift; sourceTree = "<group>"; };
		5A97AA921F4014F800C534A0 /* Player.swift */ = {isa = PBXFileReference; fileEncoding = 4; lastKnownFileType = sourcecode.swift; path = Player.swift; sourceTree = "<group>"; };
		5A97AA951F4064C900C534A0 /* TempViewController.swift */ = {isa = PBXFileReference; fileEncoding = 4; lastKnownFileType = sourcecode.swift; path = TempViewController.swift; sourceTree = "<group>"; };
		5AEF978C1F2252C3000E7628 /* ViewController.swift */ = {isa = PBXFileReference; fileEncoding = 4; lastKnownFileType = sourcecode.swift; path = ViewController.swift; sourceTree = "<group>"; };
		5AEF978F1F2252CE000E7628 /* AudioModel.swift */ = {isa = PBXFileReference; fileEncoding = 4; lastKnownFileType = sourcecode.swift; path = AudioModel.swift; sourceTree = "<group>"; };
		5AEF97901F2252CE000E7628 /* PlayListTableViewCell.swift */ = {isa = PBXFileReference; fileEncoding = 4; lastKnownFileType = sourcecode.swift; path = PlayListTableViewCell.swift; sourceTree = "<group>"; };
		5AEF97911F2252CE000E7628 /* PlayListViewController.swift */ = {isa = PBXFileReference; fileEncoding = 4; lastKnownFileType = sourcecode.swift; path = PlayListViewController.swift; sourceTree = "<group>"; };
		5AF8BBEB1F1A448900B97865 /* PlayerViewController.swift */ = {isa = PBXFileReference; fileEncoding = 4; lastKnownFileType = sourcecode.swift; name = PlayerViewController.swift; path = ../PlayerViewController.swift; sourceTree = "<group>"; };
		5AF8BC701F1A793F00B97865 /* checkbox_off@2x.png */ = {isa = PBXFileReference; lastKnownFileType = image.png; path = "checkbox_off@2x.png"; sourceTree = "<group>"; };
		5AF8BC711F1A793F00B97865 /* checkbox_on@2x.png */ = {isa = PBXFileReference; lastKnownFileType = image.png; path = "checkbox_on@2x.png"; sourceTree = "<group>"; };
		5AF8BC721F1A793F00B97865 /* hp_player_btn_next_highlight@2x.png */ = {isa = PBXFileReference; lastKnownFileType = image.png; path = "hp_player_btn_next_highlight@2x.png"; sourceTree = "<group>"; };
		5AF8BC731F1A793F00B97865 /* hp_player_btn_next_normal@2x.png */ = {isa = PBXFileReference; lastKnownFileType = image.png; path = "hp_player_btn_next_normal@2x.png"; sourceTree = "<group>"; };
		5AF8BC741F1A793F00B97865 /* hp_player_btn_pause_highlight@2x.png */ = {isa = PBXFileReference; lastKnownFileType = image.png; path = "hp_player_btn_pause_highlight@2x.png"; sourceTree = "<group>"; };
		5AF8BC751F1A793F00B97865 /* hp_player_btn_pause_normal@2x.png */ = {isa = PBXFileReference; lastKnownFileType = image.png; path = "hp_player_btn_pause_normal@2x.png"; sourceTree = "<group>"; };
		5AF8BC761F1A793F00B97865 /* hp_player_btn_play_highlight@2x.png */ = {isa = PBXFileReference; lastKnownFileType = image.png; path = "hp_player_btn_play_highlight@2x.png"; sourceTree = "<group>"; };
		5AF8BC771F1A793F00B97865 /* hp_player_btn_play_normal@2x.png */ = {isa = PBXFileReference; lastKnownFileType = image.png; path = "hp_player_btn_play_normal@2x.png"; sourceTree = "<group>"; };
		5AF8BC781F1A793F00B97865 /* hp_player_btn_pre_highlight@2x.png */ = {isa = PBXFileReference; lastKnownFileType = image.png; path = "hp_player_btn_pre_highlight@2x.png"; sourceTree = "<group>"; };
		5AF8BC791F1A793F00B97865 /* hp_player_btn_pre_normal@2x.png */ = {isa = PBXFileReference; lastKnownFileType = image.png; path = "hp_player_btn_pre_normal@2x.png"; sourceTree = "<group>"; };
		5AF8BC7A1F1A793F00B97865 /* hp_player_progress_forword@2x.png */ = {isa = PBXFileReference; lastKnownFileType = image.png; path = "hp_player_progress_forword@2x.png"; sourceTree = "<group>"; };
		5AF8BC7B1F1A793F00B97865 /* hp_player_progress_played@2x.png */ = {isa = PBXFileReference; lastKnownFileType = image.png; path = "hp_player_progress_played@2x.png"; sourceTree = "<group>"; };
		5AF8BC7C1F1A793F00B97865 /* hp_player_progress_reverse@2x.png */ = {isa = PBXFileReference; lastKnownFileType = image.png; path = "hp_player_progress_reverse@2x.png"; sourceTree = "<group>"; };
		5AF8BC7D1F1A793F00B97865 /* icon_manage_downloadingView@2x.png */ = {isa = PBXFileReference; lastKnownFileType = image.png; path = "icon_manage_downloadingView@2x.png"; sourceTree = "<group>"; };
		5AF8BC7E1F1A793F00B97865 /* icon_manage_downloadingView_pressed@2x.png */ = {isa = PBXFileReference; lastKnownFileType = image.png; path = "icon_manage_downloadingView_pressed@2x.png"; sourceTree = "<group>"; };
		5AF8BC7F1F1A793F00B97865 /* icon_operate_play@2x.png */ = {isa = PBXFileReference; lastKnownFileType = image.png; path = "icon_operate_play@2x.png"; sourceTree = "<group>"; };
		5AF8BC801F1A793F00B97865 /* icon_operate_play_pressed@2x.png */ = {isa = PBXFileReference; lastKnownFileType = image.png; path = "icon_operate_play_pressed@2x.png"; sourceTree = "<group>"; };
		5AF8BC811F1A793F00B97865 /* list_play@2x.png */ = {isa = PBXFileReference; lastKnownFileType = image.png; path = "list_play@2x.png"; sourceTree = "<group>"; };
		5AF8BC821F1A793F00B97865 /* list_play_pressed@2x.png */ = {isa = PBXFileReference; lastKnownFileType = image.png; path = "list_play_pressed@2x.png"; sourceTree = "<group>"; };
		5AF8BC831F1A793F00B97865 /* miniplayer_btn_playlist_highlight@2x.png */ = {isa = PBXFileReference; lastKnownFileType = image.png; path = "miniplayer_btn_playlist_highlight@2x.png"; sourceTree = "<group>"; };
		5AF8BC841F1A793F00B97865 /* miniplayer_btn_playlist_normal@2x.png */ = {isa = PBXFileReference; lastKnownFileType = image.png; path = "miniplayer_btn_playlist_normal@2x.png"; sourceTree = "<group>"; };
		5AF8BC851F1A793F00B97865 /* miniplayer_btn_random_highlight@2x.png */ = {isa = PBXFileReference; lastKnownFileType = image.png; path = "miniplayer_btn_random_highlight@2x.png"; sourceTree = "<group>"; };
		5AF8BC861F1A793F00B97865 /* miniplayer_btn_random_highlight_b@2x.png */ = {isa = PBXFileReference; lastKnownFileType = image.png; path = "miniplayer_btn_random_highlight_b@2x.png"; sourceTree = "<group>"; };
		5AF8BC871F1A793F00B97865 /* miniplayer_btn_random_normal@2x.png */ = {isa = PBXFileReference; lastKnownFileType = image.png; path = "miniplayer_btn_random_normal@2x.png"; sourceTree = "<group>"; };
		5AF8BC881F1A793F00B97865 /* miniplayer_btn_random_normal_b@2x.png */ = {isa = PBXFileReference; lastKnownFileType = image.png; path = "miniplayer_btn_random_normal_b@2x.png"; sourceTree = "<group>"; };
		5AF8BC891F1A793F00B97865 /* miniplayer_btn_repeat_highlight@2x.png */ = {isa = PBXFileReference; lastKnownFileType = image.png; path = "miniplayer_btn_repeat_highlight@2x.png"; sourceTree = "<group>"; };
		5AF8BC8A1F1A793F00B97865 /* miniplayer_btn_repeat_highlight_b@2x.png */ = {isa = PBXFileReference; lastKnownFileType = image.png; path = "miniplayer_btn_repeat_highlight_b@2x.png"; sourceTree = "<group>"; };
		5AF8BC8B1F1A793F00B97865 /* miniplayer_btn_repeat_normal@2x.png */ = {isa = PBXFileReference; lastKnownFileType = image.png; path = "miniplayer_btn_repeat_normal@2x.png"; sourceTree = "<group>"; };
		5AF8BC8C1F1A793F00B97865 /* miniplayer_btn_repeat_normal_b@2x.png */ = {isa = PBXFileReference; lastKnownFileType = image.png; path = "miniplayer_btn_repeat_normal_b@2x.png"; sourceTree = "<group>"; };
		5AF8BC8D1F1A793F00B97865 /* miniplayer_btn_repeatone_highlight@2x.png */ = {isa = PBXFileReference; lastKnownFileType = image.png; path = "miniplayer_btn_repeatone_highlight@2x.png"; sourceTree = "<group>"; };
		5AF8BC8E1F1A793F00B97865 /* miniplayer_btn_repeatone_highlight_b@2x.png */ = {isa = PBXFileReference; lastKnownFileType = image.png; path = "miniplayer_btn_repeatone_highlight_b@2x.png"; sourceTree = "<group>"; };
		5AF8BC8F1F1A793F00B97865 /* miniplayer_btn_repeatone_normal@2x.png */ = {isa = PBXFileReference; lastKnownFileType = image.png; path = "miniplayer_btn_repeatone_normal@2x.png"; sourceTree = "<group>"; };
		5AF8BC901F1A793F00B97865 /* miniplayer_btn_repeatone_normal_b@2x.png */ = {isa = PBXFileReference; lastKnownFileType = image.png; path = "miniplayer_btn_repeatone_normal_b@2x.png"; sourceTree = "<group>"; };
		5AF8BC911F1A793F00B97865 /* player_btn_more_highlight@2x.png */ = {isa = PBXFileReference; lastKnownFileType = image.png; path = "player_btn_more_highlight@2x.png"; sourceTree = "<group>"; };
		5AF8BC921F1A793F00B97865 /* player_btn_more_normal@2x.png */ = {isa = PBXFileReference; lastKnownFileType = image.png; path = "player_btn_more_normal@2x.png"; sourceTree = "<group>"; };
		5AF8BC931F1A793F00B97865 /* player_btn_next_highlight@2x.png */ = {isa = PBXFileReference; lastKnownFileType = image.png; path = "player_btn_next_highlight@2x.png"; sourceTree = "<group>"; };
		5AF8BC941F1A793F00B97865 /* player_btn_next_normal@2x.png */ = {isa = PBXFileReference; lastKnownFileType = image.png; path = "player_btn_next_normal@2x.png"; sourceTree = "<group>"; };
		5AF8BC951F1A793F00B97865 /* player_btn_pause_highlight@2x.png */ = {isa = PBXFileReference; lastKnownFileType = image.png; path = "player_btn_pause_highlight@2x.png"; sourceTree = "<group>"; };
		5AF8BC961F1A793F00B97865 /* player_btn_pause_normal@2x.png */ = {isa = PBXFileReference; lastKnownFileType = image.png; path = "player_btn_pause_normal@2x.png"; sourceTree = "<group>"; };
		5AF8BC971F1A793F00B97865 /* player_btn_play_highlight@2x.png */ = {isa = PBXFileReference; lastKnownFileType = image.png; path = "player_btn_play_highlight@2x.png"; sourceTree = "<group>"; };
		5AF8BC981F1A793F00B97865 /* player_btn_play_normal@2x.png */ = {isa = PBXFileReference; lastKnownFileType = image.png; path = "player_btn_play_normal@2x.png"; sourceTree = "<group>"; };
		5AF8BC991F1A793F00B97865 /* player_btn_playlist_highlight@2x.png */ = {isa = PBXFileReference; lastKnownFileType = image.png; path = "player_btn_playlist_highlight@2x.png"; sourceTree = "<group>"; };
		5AF8BC9A1F1A793F00B97865 /* player_btn_playlist_normal@2x.png */ = {isa = PBXFileReference; lastKnownFileType = image.png; path = "player_btn_playlist_normal@2x.png"; sourceTree = "<group>"; };
		5AF8BC9B1F1A793F00B97865 /* player_btn_pre_highlight@2x.png */ = {isa = PBXFileReference; lastKnownFileType = image.png; path = "player_btn_pre_highlight@2x.png"; sourceTree = "<group>"; };
		5AF8BC9C1F1A793F00B97865 /* player_btn_pre_normal@2x.png */ = {isa = PBXFileReference; lastKnownFileType = image.png; path = "player_btn_pre_normal@2x.png"; sourceTree = "<group>"; };
		5AF8BC9D1F1A793F00B97865 /* player_btn_random_disable@2x.png */ = {isa = PBXFileReference; lastKnownFileType = image.png; path = "player_btn_random_disable@2x.png"; sourceTree = "<group>"; };
		5AF8BC9E1F1A793F00B97865 /* player_btn_random_highlight@2x.png */ = {isa = PBXFileReference; lastKnownFileType = image.png; path = "player_btn_random_highlight@2x.png"; sourceTree = "<group>"; };
		5AF8BC9F1F1A793F00B97865 /* player_btn_random_normal@2x.png */ = {isa = PBXFileReference; lastKnownFileType = image.png; path = "player_btn_random_normal@2x.png"; sourceTree = "<group>"; };
		5AF8BCA01F1A793F00B97865 /* player_btn_repeat_disable@2x.png */ = {isa = PBXFileReference; lastKnownFileType = image.png; path = "player_btn_repeat_disable@2x.png"; sourceTree = "<group>"; };
		5AF8BCA11F1A793F00B97865 /* player_btn_repeat_highlight@2x.png */ = {isa = PBXFileReference; lastKnownFileType = image.png; path = "player_btn_repeat_highlight@2x.png"; sourceTree = "<group>"; };
		5AF8BCA21F1A793F00B97865 /* player_btn_repeat_normal@2x.png */ = {isa = PBXFileReference; lastKnownFileType = image.png; path = "player_btn_repeat_normal@2x.png"; sourceTree = "<group>"; };
		5AF8BCA31F1A793F00B97865 /* player_btn_repeatone_disable@2x.png */ = {isa = PBXFileReference; lastKnownFileType = image.png; path = "player_btn_repeatone_disable@2x.png"; sourceTree = "<group>"; };
		5AF8BCA41F1A793F00B97865 /* player_btn_repeatone_highlight@2x.png */ = {isa = PBXFileReference; lastKnownFileType = image.png; path = "player_btn_repeatone_highlight@2x.png"; sourceTree = "<group>"; };
		5AF8BCA51F1A793F00B97865 /* player_btn_repeatone_normal@2x.png */ = {isa = PBXFileReference; lastKnownFileType = image.png; path = "player_btn_repeatone_normal@2x.png"; sourceTree = "<group>"; };
		5AF8BCA61F1A793F00B97865 /* player_slider_playback_left@2x.png */ = {isa = PBXFileReference; lastKnownFileType = image.png; path = "player_slider_playback_left@2x.png"; sourceTree = "<group>"; };
		5AF8BCA71F1A793F00B97865 /* player_slider_playback_right@2x.png */ = {isa = PBXFileReference; lastKnownFileType = image.png; path = "player_slider_playback_right@2x.png"; sourceTree = "<group>"; };
		5AF8BCA81F1A793F00B97865 /* player_slider_playback_thumb@2x.png */ = {isa = PBXFileReference; lastKnownFileType = image.png; path = "player_slider_playback_thumb@2x.png"; sourceTree = "<group>"; };
		5AF8BCA91F1A793F00B97865 /* playing_volumn_slide_sound_little_icon@2x.png */ = {isa = PBXFileReference; lastKnownFileType = image.png; path = "playing_volumn_slide_sound_little_icon@2x.png"; sourceTree = "<group>"; };
		5AF8BCAA1F1A793F00B97865 /* playing_volumn_slide_sound_little_icon_b@2x.png */ = {isa = PBXFileReference; lastKnownFileType = image.png; path = "playing_volumn_slide_sound_little_icon_b@2x.png"; sourceTree = "<group>"; };
		5AF8BCAB1F1A793F00B97865 /* playing_volumn_slide_sound_little_icon_h@2x.png */ = {isa = PBXFileReference; lastKnownFileType = image.png; path = "playing_volumn_slide_sound_little_icon_h@2x.png"; sourceTree = "<group>"; };
		5AF8BCAC1F1A793F00B97865 /* playing_volumn_slide_sound_little_icon_h_b@2x.png */ = {isa = PBXFileReference; lastKnownFileType = image.png; path = "playing_volumn_slide_sound_little_icon_h_b@2x.png"; sourceTree = "<group>"; };
		5AF8BCAD1F1A793F00B97865 /* playing_volumn_sound_icon@2x.png */ = {isa = PBXFileReference; lastKnownFileType = image.png; path = "playing_volumn_sound_icon@2x.png"; sourceTree = "<group>"; };
		5AF8BCAE1F1A793F00B97865 /* playing_volumn_sound_icon_b@2x.png */ = {isa = PBXFileReference; lastKnownFileType = image.png; path = "playing_volumn_sound_icon_b@2x.png"; sourceTree = "<group>"; };
		5AF8BCAF1F1A793F00B97865 /* playing_volumn_sound_icon_h@2x.png */ = {isa = PBXFileReference; lastKnownFileType = image.png; path = "playing_volumn_sound_icon_h@2x.png"; sourceTree = "<group>"; };
		5AF8BCB01F1A793F00B97865 /* playing_volumn_sound_icon_h_b@2x.png */ = {isa = PBXFileReference; lastKnownFileType = image.png; path = "playing_volumn_sound_icon_h_b@2x.png"; sourceTree = "<group>"; };
		5AF8BCB11F1A793F00B97865 /* videoPoster_oringinal@2x.png */ = {isa = PBXFileReference; lastKnownFileType = image.png; path = "videoPoster_oringinal@2x.png"; sourceTree = "<group>"; };
/* End PBXFileReference section */

/* Begin PBXFrameworksBuildPhase section */
		5A84ACE01F11E38D00FC0E9A /* Frameworks */ = {
			isa = PBXFrameworksBuildPhase;
			buildActionMask = 2147483647;
			files = (
				5A84ACFA1F11E4D900FC0E9A /* AVFoundation.framework in Frameworks */,
			);
			runOnlyForDeploymentPostprocessing = 0;
		};
/* End PBXFrameworksBuildPhase section */

/* Begin PBXGroup section */
		5A84ACDA1F11E38C00FC0E9A = {
			isa = PBXGroup;
			children = (
				5A84ACE51F11E38D00FC0E9A /* AudioPlayer */,
				5A84ACE41F11E38D00FC0E9A /* Products */,
				5A84ACF81F11E4D900FC0E9A /* Frameworks */,
			);
			sourceTree = "<group>";
		};
		5A84ACE41F11E38D00FC0E9A /* Products */ = {
			isa = PBXGroup;
			children = (
				5A84ACE31F11E38D00FC0E9A /* AudioPlayer.app */,
			);
			name = Products;
			sourceTree = "<group>";
		};
		5A84ACE51F11E38D00FC0E9A /* AudioPlayer */ = {
			isa = PBXGroup;
			children = (
				5A97AA8F1F3F466600C534A0 /* Helper */,
				5AF8BB631F1A282000B97865 /* Resource */,
				5AEF978B1F2252C3000E7628 /* Player */,
				5AEF978E1F2252CE000E7628 /* PlayList */,
				5A97AA941F40398000C534A0 /* Temp */,
				5A84ACE61F11E38D00FC0E9A /* AppDelegate.swift */,
				5A84ACFE1F12421200FC0E9A /* AudioList.plist */,
				5A84ACEA1F11E38D00FC0E9A /* Main.storyboard */,
				5A84ACED1F11E38D00FC0E9A /* Assets.xcassets */,
				5A84ACEF1F11E38D00FC0E9A /* LaunchScreen.storyboard */,
				5A84ACF21F11E38D00FC0E9A /* Info.plist */,
			);
			path = AudioPlayer;
			sourceTree = "<group>";
		};
		5A84ACF81F11E4D900FC0E9A /* Frameworks */ = {
			isa = PBXGroup;
			children = (
				5A84ACF91F11E4D900FC0E9A /* AVFoundation.framework */,
			);
			name = Frameworks;
			sourceTree = "<group>";
		};
		5A97AA8F1F3F466600C534A0 /* Helper */ = {
			isa = PBXGroup;
			children = (
				5A97AA901F3F467D00C534A0 /* Helper.swift */,
			);
			path = Helper;
			sourceTree = "<group>";
		};
		5A97AA941F40398000C534A0 /* Temp */ = {
			isa = PBXGroup;
			children = (
				5AF8BBEB1F1A448900B97865 /* PlayerViewController.swift */,
				5A97AA951F4064C900C534A0 /* TempViewController.swift */,
			);
			path = Temp;
			sourceTree = "<group>";
		};
		5AEF978B1F2252C3000E7628 /* Player */ = {
			isa = PBXGroup;
			children = (
				5AEF978C1F2252C3000E7628 /* ViewController.swift */,
				5A97AA921F4014F800C534A0 /* Player.swift */,
			);
			path = Player;
			sourceTree = "<group>";
		};
		5AEF978E1F2252CE000E7628 /* PlayList */ = {
			isa = PBXGroup;
			children = (
				5AEF97911F2252CE000E7628 /* PlayListViewController.swift */,
				5AEF97901F2252CE000E7628 /* PlayListTableViewCell.swift */,
				5AEF978F1F2252CE000E7628 /* AudioModel.swift */,
			);
			name = PlayList;
			path = AudioPlayer/PlayList;
			sourceTree = SOURCE_ROOT;
		};
		5AF8BB631F1A282000B97865 /* Resource */ = {
			isa = PBXGroup;
			children = (
				5AF8BCF41F1B67FC00B97865 /* Audio */,
				5AF8BC6F1F1A793F00B97865 /* Image */,
			);
			path = Resource;
			sourceTree = "<group>";
		};
		5AF8BC6F1F1A793F00B97865 /* Image */ = {
			isa = PBXGroup;
			children = (
				5AF8BC701F1A793F00B97865 /* checkbox_off@2x.png */,
				5AF8BC711F1A793F00B97865 /* checkbox_on@2x.png */,
				5AF8BC721F1A793F00B97865 /* hp_player_btn_next_highlight@2x.png */,
				5AF8BC731F1A793F00B97865 /* hp_player_btn_next_normal@2x.png */,
				5AF8BC741F1A793F00B97865 /* hp_player_btn_pause_highlight@2x.png */,
				5AF8BC751F1A793F00B97865 /* hp_player_btn_pause_normal@2x.png */,
				5AF8BC761F1A793F00B97865 /* hp_player_btn_play_highlight@2x.png */,
				5AF8BC771F1A793F00B97865 /* hp_player_btn_play_normal@2x.png */,
				5AF8BC781F1A793F00B97865 /* hp_player_btn_pre_highlight@2x.png */,
				5AF8BC791F1A793F00B97865 /* hp_player_btn_pre_normal@2x.png */,
				5AF8BC7A1F1A793F00B97865 /* hp_player_progress_forword@2x.png */,
				5AF8BC7B1F1A793F00B97865 /* hp_player_progress_played@2x.png */,
				5AF8BC7C1F1A793F00B97865 /* hp_player_progress_reverse@2x.png */,
				5AF8BC7D1F1A793F00B97865 /* icon_manage_downloadingView@2x.png */,
				5AF8BC7E1F1A793F00B97865 /* icon_manage_downloadingView_pressed@2x.png */,
				5AF8BC7F1F1A793F00B97865 /* icon_operate_play@2x.png */,
				5AF8BC801F1A793F00B97865 /* icon_operate_play_pressed@2x.png */,
				5AF8BC811F1A793F00B97865 /* list_play@2x.png */,
				5AF8BC821F1A793F00B97865 /* list_play_pressed@2x.png */,
				5AF8BC831F1A793F00B97865 /* miniplayer_btn_playlist_highlight@2x.png */,
				5AF8BC841F1A793F00B97865 /* miniplayer_btn_playlist_normal@2x.png */,
				5AF8BC851F1A793F00B97865 /* miniplayer_btn_random_highlight@2x.png */,
				5AF8BC861F1A793F00B97865 /* miniplayer_btn_random_highlight_b@2x.png */,
				5AF8BC871F1A793F00B97865 /* miniplayer_btn_random_normal@2x.png */,
				5AF8BC881F1A793F00B97865 /* miniplayer_btn_random_normal_b@2x.png */,
				5AF8BC891F1A793F00B97865 /* miniplayer_btn_repeat_highlight@2x.png */,
				5AF8BC8A1F1A793F00B97865 /* miniplayer_btn_repeat_highlight_b@2x.png */,
				5AF8BC8B1F1A793F00B97865 /* miniplayer_btn_repeat_normal@2x.png */,
				5AF8BC8C1F1A793F00B97865 /* miniplayer_btn_repeat_normal_b@2x.png */,
				5AF8BC8D1F1A793F00B97865 /* miniplayer_btn_repeatone_highlight@2x.png */,
				5AF8BC8E1F1A793F00B97865 /* miniplayer_btn_repeatone_highlight_b@2x.png */,
				5AF8BC8F1F1A793F00B97865 /* miniplayer_btn_repeatone_normal@2x.png */,
				5AF8BC901F1A793F00B97865 /* miniplayer_btn_repeatone_normal_b@2x.png */,
				5AF8BC911F1A793F00B97865 /* player_btn_more_highlight@2x.png */,
				5AF8BC921F1A793F00B97865 /* player_btn_more_normal@2x.png */,
				5AF8BC931F1A793F00B97865 /* player_btn_next_highlight@2x.png */,
				5AF8BC941F1A793F00B97865 /* player_btn_next_normal@2x.png */,
				5AF8BC951F1A793F00B97865 /* player_btn_pause_highlight@2x.png */,
				5AF8BC961F1A793F00B97865 /* player_btn_pause_normal@2x.png */,
				5AF8BC971F1A793F00B97865 /* player_btn_play_highlight@2x.png */,
				5AF8BC981F1A793F00B97865 /* player_btn_play_normal@2x.png */,
				5AF8BC991F1A793F00B97865 /* player_btn_playlist_highlight@2x.png */,
				5AF8BC9A1F1A793F00B97865 /* player_btn_playlist_normal@2x.png */,
				5AF8BC9B1F1A793F00B97865 /* player_btn_pre_highlight@2x.png */,
				5AF8BC9C1F1A793F00B97865 /* player_btn_pre_normal@2x.png */,
				5AF8BC9D1F1A793F00B97865 /* player_btn_random_disable@2x.png */,
				5AF8BC9E1F1A793F00B97865 /* player_btn_random_highlight@2x.png */,
				5AF8BC9F1F1A793F00B97865 /* player_btn_random_normal@2x.png */,
				5AF8BCA01F1A793F00B97865 /* player_btn_repeat_disable@2x.png */,
				5AF8BCA11F1A793F00B97865 /* player_btn_repeat_highlight@2x.png */,
				5AF8BCA21F1A793F00B97865 /* player_btn_repeat_normal@2x.png */,
				5AF8BCA31F1A793F00B97865 /* player_btn_repeatone_disable@2x.png */,
				5AF8BCA41F1A793F00B97865 /* player_btn_repeatone_highlight@2x.png */,
				5AF8BCA51F1A793F00B97865 /* player_btn_repeatone_normal@2x.png */,
				5AF8BCA61F1A793F00B97865 /* player_slider_playback_left@2x.png */,
				5AF8BCA71F1A793F00B97865 /* player_slider_playback_right@2x.png */,
				5AF8BCA81F1A793F00B97865 /* player_slider_playback_thumb@2x.png */,
				5AF8BCA91F1A793F00B97865 /* playing_volumn_slide_sound_little_icon@2x.png */,
				5AF8BCAA1F1A793F00B97865 /* playing_volumn_slide_sound_little_icon_b@2x.png */,
				5AF8BCAB1F1A793F00B97865 /* playing_volumn_slide_sound_little_icon_h@2x.png */,
				5AF8BCAC1F1A793F00B97865 /* playing_volumn_slide_sound_little_icon_h_b@2x.png */,
				5AF8BCAD1F1A793F00B97865 /* playing_volumn_sound_icon@2x.png */,
				5AF8BCAE1F1A793F00B97865 /* playing_volumn_sound_icon_b@2x.png */,
				5AF8BCAF1F1A793F00B97865 /* playing_volumn_sound_icon_h@2x.png */,
				5AF8BCB01F1A793F00B97865 /* playing_volumn_sound_icon_h_b@2x.png */,
				5AF8BCB11F1A793F00B97865 /* videoPoster_oringinal@2x.png */,
			);
			path = Image;
			sourceTree = "<group>";
		};
		5AF8BCF41F1B67FC00B97865 /* Audio */ = {
			isa = PBXGroup;
			children = (
				5A97AA871F3E067A00C534A0 /* 《红楼梦》第二十六回 蜂腰桥设言传心事 潇湘馆春困发幽情 上.mp3 */,
				5A97AA881F3E067A00C534A0 /* 《红楼梦》第二十六回 蜂腰桥设言传心事 潇湘馆春困发幽情 下.mp3 */,
				5A97AA891F3E067A00C534A0 /* 《红楼梦》第二十五回 魇魔法姊弟逢五鬼 红楼梦通灵遇双真 上.mp3 */,
				5A97AA8A1F3E067A00C534A0 /* Hotel California_Eagles_Selected Works 1972-1999.mp3 */,
			);
			path = Audio;
			sourceTree = "<group>";
		};
/* End PBXGroup section */

/* Begin PBXNativeTarget section */
		5A84ACE21F11E38D00FC0E9A /* AudioPlayer */ = {
			isa = PBXNativeTarget;
			buildConfigurationList = 5A84ACF51F11E38D00FC0E9A /* Build configuration list for PBXNativeTarget "AudioPlayer" */;
			buildPhases = (
				5A84ACDF1F11E38D00FC0E9A /* Sources */,
				5A84ACE01F11E38D00FC0E9A /* Frameworks */,
				5A84ACE11F11E38D00FC0E9A /* Resources */,
			);
			buildRules = (
			);
			dependencies = (
			);
			name = AudioPlayer;
			productName = AudioPlayer;
			productReference = 5A84ACE31F11E38D00FC0E9A /* AudioPlayer.app */;
			productType = "com.apple.product-type.application";
		};
/* End PBXNativeTarget section */

/* Begin PBXProject section */
		5A84ACDB1F11E38C00FC0E9A /* Project object */ = {
			isa = PBXProject;
			attributes = {
				LastSwiftUpdateCheck = 0820;
				LastUpgradeCheck = 0820;
				ORGANIZATIONNAME = owen;
				TargetAttributes = {
					5A84ACE21F11E38D00FC0E9A = {
						CreatedOnToolsVersion = 8.2.1;
						DevelopmentTeam = 37FEVCHYTJ;
						ProvisioningStyle = Automatic;
						SystemCapabilities = {
							com.apple.BackgroundModes = {
								enabled = 1;
							};
						};
					};
				};
			};
			buildConfigurationList = 5A84ACDE1F11E38C00FC0E9A /* Build configuration list for PBXProject "AudioPlayer" */;
			compatibilityVersion = "Xcode 3.2";
			developmentRegion = English;
			hasScannedForEncodings = 0;
			knownRegions = (
				en,
				Base,
			);
			mainGroup = 5A84ACDA1F11E38C00FC0E9A;
			productRefGroup = 5A84ACE41F11E38D00FC0E9A /* Products */;
			projectDirPath = "";
			projectRoot = "";
			targets = (
				5A84ACE21F11E38D00FC0E9A /* AudioPlayer */,
			);
		};
/* End PBXProject section */

/* Begin PBXResourcesBuildPhase section */
		5A84ACE11F11E38D00FC0E9A /* Resources */ = {
			isa = PBXResourcesBuildPhase;
			buildActionMask = 2147483647;
			files = (
				5A97AA8E1F3E067A00C534A0 /* Hotel California_Eagles_Selected Works 1972-1999.mp3 in Resources */,
				5AF8BCEA1F1A793F00B97865 /* player_slider_playback_thumb@2x.png in Resources */,
				5AF8BCD61F1A793F00B97865 /* player_btn_next_normal@2x.png in Resources */,
				5AF8BCCA1F1A793F00B97865 /* miniplayer_btn_random_normal_b@2x.png in Resources */,
				5AF8BCE01F1A793F00B97865 /* player_btn_random_highlight@2x.png in Resources */,
				5AF8BCB31F1A793F00B97865 /* checkbox_on@2x.png in Resources */,
				5AF8BCD11F1A793F00B97865 /* miniplayer_btn_repeatone_normal@2x.png in Resources */,
				5AF8BCC31F1A793F00B97865 /* list_play@2x.png in Resources */,
				5AF8BCBD1F1A793F00B97865 /* hp_player_progress_played@2x.png in Resources */,
				5AF8BCF01F1A793F00B97865 /* playing_volumn_sound_icon_b@2x.png in Resources */,
				5AF8BCD81F1A793F00B97865 /* player_btn_pause_normal@2x.png in Resources */,
				5AF8BCE21F1A793F00B97865 /* player_btn_repeat_disable@2x.png in Resources */,
				5AF8BCBE1F1A793F00B97865 /* hp_player_progress_reverse@2x.png in Resources */,
				5AF8BCF21F1A793F00B97865 /* playing_volumn_sound_icon_h_b@2x.png in Resources */,
				5AF8BCE61F1A793F00B97865 /* player_btn_repeatone_highlight@2x.png in Resources */,
				5AF8BCCC1F1A793F00B97865 /* miniplayer_btn_repeat_highlight_b@2x.png in Resources */,
				5AF8BCC71F1A793F00B97865 /* miniplayer_btn_random_highlight@2x.png in Resources */,
				5AF8BCD71F1A793F00B97865 /* player_btn_pause_highlight@2x.png in Resources */,
				5AF8BCBA1F1A793F00B97865 /* hp_player_btn_pre_highlight@2x.png in Resources */,
				5AF8BCC81F1A793F00B97865 /* miniplayer_btn_random_highlight_b@2x.png in Resources */,
				5AF8BCDE1F1A793F00B97865 /* player_btn_pre_normal@2x.png in Resources */,
				5AF8BCEF1F1A793F00B97865 /* playing_volumn_sound_icon@2x.png in Resources */,
				5AF8BCB91F1A793F00B97865 /* hp_player_btn_play_normal@2x.png in Resources */,
				5AF8BCBB1F1A793F00B97865 /* hp_player_btn_pre_normal@2x.png in Resources */,
				5A84ACF11F11E38D00FC0E9A /* LaunchScreen.storyboard in Resources */,
				5AF8BCEC1F1A793F00B97865 /* playing_volumn_slide_sound_little_icon_b@2x.png in Resources */,
				5AF8BCBC1F1A793F00B97865 /* hp_player_progress_forword@2x.png in Resources */,
				5AF8BCED1F1A793F00B97865 /* playing_volumn_slide_sound_little_icon_h@2x.png in Resources */,
				5AF8BCB41F1A793F00B97865 /* hp_player_btn_next_highlight@2x.png in Resources */,
				5AF8BCB51F1A793F00B97865 /* hp_player_btn_next_normal@2x.png in Resources */,
				5AF8BCD01F1A793F00B97865 /* miniplayer_btn_repeatone_highlight_b@2x.png in Resources */,
				5AF8BCCD1F1A793F00B97865 /* miniplayer_btn_repeat_normal@2x.png in Resources */,
				5AF8BCD51F1A793F00B97865 /* player_btn_next_highlight@2x.png in Resources */,
				5AF8BCE11F1A793F00B97865 /* player_btn_random_normal@2x.png in Resources */,
				5AF8BCE31F1A793F00B97865 /* player_btn_repeat_highlight@2x.png in Resources */,
				5AF8BCB81F1A793F00B97865 /* hp_player_btn_play_highlight@2x.png in Resources */,
				5A84ACEE1F11E38D00FC0E9A /* Assets.xcassets in Resources */,
				5A84ACEC1F11E38D00FC0E9A /* Main.storyboard in Resources */,
				5AF8BCDD1F1A793F00B97865 /* player_btn_pre_highlight@2x.png in Resources */,
				5AF8BCCE1F1A793F00B97865 /* miniplayer_btn_repeat_normal_b@2x.png in Resources */,
				5AF8BCDB1F1A793F00B97865 /* player_btn_playlist_highlight@2x.png in Resources */,
				5AF8BCDA1F1A793F00B97865 /* player_btn_play_normal@2x.png in Resources */,
				5AF8BCC11F1A793F00B97865 /* icon_operate_play@2x.png in Resources */,
				5AF8BCF11F1A793F00B97865 /* playing_volumn_sound_icon_h@2x.png in Resources */,
				5A84ACFF1F12421200FC0E9A /* AudioList.plist in Resources */,
				5AF8BCB71F1A793F00B97865 /* hp_player_btn_pause_normal@2x.png in Resources */,
				5AF8BCE41F1A793F00B97865 /* player_btn_repeat_normal@2x.png in Resources */,
				5AF8BCC51F1A793F00B97865 /* miniplayer_btn_playlist_highlight@2x.png in Resources */,
				5AF8BCDF1F1A793F00B97865 /* player_btn_random_disable@2x.png in Resources */,
				5A97AA8C1F3E067A00C534A0 /* 《红楼梦》第二十六回 蜂腰桥设言传心事 潇湘馆春困发幽情 下.mp3 in Resources */,
				5AF8BCD31F1A793F00B97865 /* player_btn_more_highlight@2x.png in Resources */,
				5AF8BCEB1F1A793F00B97865 /* playing_volumn_slide_sound_little_icon@2x.png in Resources */,
				5AF8BCBF1F1A793F00B97865 /* icon_manage_downloadingView@2x.png in Resources */,
				5AF8BCC61F1A793F00B97865 /* miniplayer_btn_playlist_normal@2x.png in Resources */,
				5AF8BCB61F1A793F00B97865 /* hp_player_btn_pause_highlight@2x.png in Resources */,
				5AF8BCDC1F1A793F00B97865 /* player_btn_playlist_normal@2x.png in Resources */,
				5AF8BCEE1F1A793F00B97865 /* playing_volumn_slide_sound_little_icon_h_b@2x.png in Resources */,
				5AF8BCC91F1A793F00B97865 /* miniplayer_btn_random_normal@2x.png in Resources */,
				5AF8BCB21F1A793F00B97865 /* checkbox_off@2x.png in Resources */,
				5AF8BCC41F1A793F00B97865 /* list_play_pressed@2x.png in Resources */,
				5AF8BCE91F1A793F00B97865 /* player_slider_playback_right@2x.png in Resources */,
				5AF8BCD21F1A793F00B97865 /* miniplayer_btn_repeatone_normal_b@2x.png in Resources */,
				5AF8BCF31F1A793F00B97865 /* videoPoster_oringinal@2x.png in Resources */,
				5AF8BCE51F1A793F00B97865 /* player_btn_repeatone_disable@2x.png in Resources */,
				5AF8BCC21F1A793F00B97865 /* icon_operate_play_pressed@2x.png in Resources */,
				5AF8BCD41F1A793F00B97865 /* player_btn_more_normal@2x.png in Resources */,
				5AF8BCE81F1A793F00B97865 /* player_slider_playback_left@2x.png in Resources */,
				5A97AA8B1F3E067A00C534A0 /* 《红楼梦》第二十六回 蜂腰桥设言传心事 潇湘馆春困发幽情 上.mp3 in Resources */,
				5AF8BCD91F1A793F00B97865 /* player_btn_play_highlight@2x.png in Resources */,
				5AF8BCCB1F1A793F00B97865 /* miniplayer_btn_repeat_highlight@2x.png in Resources */,
				5A97AA8D1F3E067A00C534A0 /* 《红楼梦》第二十五回 魇魔法姊弟逢五鬼 红楼梦通灵遇双真 上.mp3 in Resources */,
				5AF8BCE71F1A793F00B97865 /* player_btn_repeatone_normal@2x.png in Resources */,
				5AF8BCC01F1A793F00B97865 /* icon_manage_downloadingView_pressed@2x.png in Resources */,
				5AF8BCCF1F1A793F00B97865 /* miniplayer_btn_repeatone_highlight@2x.png in Resources */,
			);
			runOnlyForDeploymentPostprocessing = 0;
		};
/* End PBXResourcesBuildPhase section */

/* Begin PBXSourcesBuildPhase section */
		5A84ACDF1F11E38D00FC0E9A /* Sources */ = {
			isa = PBXSourcesBuildPhase;
			buildActionMask = 2147483647;
			files = (
				5AEF978D1F2252C3000E7628 /* ViewController.swift in Sources */,
				5A97AA911F3F467D00C534A0 /* Helper.swift in Sources */,
				5AF8BBEC1F1A448900B97865 /* PlayerViewController.swift in Sources */,
				5AEF97941F2252CE000E7628 /* PlayListViewController.swift in Sources */,
				5A97AA931F4014F800C534A0 /* Player.swift in Sources */,
				5A97AA961F4064C900C534A0 /* TempViewController.swift in Sources */,
				5AEF97931F2252CE000E7628 /* PlayListTableViewCell.swift in Sources */,
				5AEF97921F2252CE000E7628 /* AudioModel.swift in Sources */,
				5A84ACE71F11E38D00FC0E9A /* AppDelegate.swift in Sources */,
			);
			runOnlyForDeploymentPostprocessing = 0;
		};
/* End PBXSourcesBuildPhase section */

/* Begin PBXVariantGroup section */
		5A84ACEA1F11E38D00FC0E9A /* Main.storyboard */ = {
			isa = PBXVariantGroup;
			children = (
				5A84ACEB1F11E38D00FC0E9A /* Base */,
			);
			name = Main.storyboard;
			sourceTree = "<group>";
		};
		5A84ACEF1F11E38D00FC0E9A /* LaunchScreen.storyboard */ = {
			isa = PBXVariantGroup;
			children = (
				5A84ACF01F11E38D00FC0E9A /* Base */,
			);
			name = LaunchScreen.storyboard;
			sourceTree = "<group>";
		};
/* End PBXVariantGroup section */

/* Begin XCBuildConfiguration section */
		5A84ACF31F11E38D00FC0E9A /* Debug */ = {
			isa = XCBuildConfiguration;
			buildSettings = {
				ALWAYS_SEARCH_USER_PATHS = NO;
				CLANG_ANALYZER_NONNULL = YES;
				CLANG_CXX_LANGUAGE_STANDARD = "gnu++0x";
				CLANG_CXX_LIBRARY = "libc++";
				CLANG_ENABLE_MODULES = YES;
				CLANG_ENABLE_OBJC_ARC = YES;
				CLANG_WARN_BOOL_CONVERSION = YES;
				CLANG_WARN_CONSTANT_CONVERSION = YES;
				CLANG_WARN_DIRECT_OBJC_ISA_USAGE = YES_ERROR;
				CLANG_WARN_DOCUMENTATION_COMMENTS = YES;
				CLANG_WARN_EMPTY_BODY = YES;
				CLANG_WARN_ENUM_CONVERSION = YES;
				CLANG_WARN_INFINITE_RECURSION = YES;
				CLANG_WARN_INT_CONVERSION = YES;
				CLANG_WARN_OBJC_ROOT_CLASS = YES_ERROR;
				CLANG_WARN_SUSPICIOUS_MOVE = YES;
				CLANG_WARN_UNREACHABLE_CODE = YES;
				CLANG_WARN__DUPLICATE_METHOD_MATCH = YES;
				"CODE_SIGN_IDENTITY[sdk=iphoneos*]" = "iPhone Developer";
				COPY_PHASE_STRIP = NO;
				DEBUG_INFORMATION_FORMAT = dwarf;
				ENABLE_STRICT_OBJC_MSGSEND = YES;
				ENABLE_TESTABILITY = YES;
				GCC_C_LANGUAGE_STANDARD = gnu99;
				GCC_DYNAMIC_NO_PIC = NO;
				GCC_NO_COMMON_BLOCKS = YES;
				GCC_OPTIMIZATION_LEVEL = 0;
				GCC_PREPROCESSOR_DEFINITIONS = (
					"DEBUG=1",
					"$(inherited)",
				);
				GCC_WARN_64_TO_32_BIT_CONVERSION = YES;
				GCC_WARN_ABOUT_RETURN_TYPE = YES_ERROR;
				GCC_WARN_UNDECLARED_SELECTOR = YES;
				GCC_WARN_UNINITIALIZED_AUTOS = YES_AGGRESSIVE;
				GCC_WARN_UNUSED_FUNCTION = YES;
				GCC_WARN_UNUSED_VARIABLE = YES;
				IPHONEOS_DEPLOYMENT_TARGET = 10.2;
				MTL_ENABLE_DEBUG_INFO = YES;
				ONLY_ACTIVE_ARCH = YES;
				SDKROOT = iphoneos;
				SWIFT_ACTIVE_COMPILATION_CONDITIONS = DEBUG;
				SWIFT_OPTIMIZATION_LEVEL = "-Onone";
			};
			name = Debug;
		};
		5A84ACF41F11E38D00FC0E9A /* Release */ = {
			isa = XCBuildConfiguration;
			buildSettings = {
				ALWAYS_SEARCH_USER_PATHS = NO;
				CLANG_ANALYZER_NONNULL = YES;
				CLANG_CXX_LANGUAGE_STANDARD = "gnu++0x";
				CLANG_CXX_LIBRARY = "libc++";
				CLANG_ENABLE_MODULES = YES;
				CLANG_ENABLE_OBJC_ARC = YES;
				CLANG_WARN_BOOL_CONVERSION = YES;
				CLANG_WARN_CONSTANT_CONVERSION = YES;
				CLANG_WARN_DIRECT_OBJC_ISA_USAGE = YES_ERROR;
				CLANG_WARN_DOCUMENTATION_COMMENTS = YES;
				CLANG_WARN_EMPTY_BODY = YES;
				CLANG_WARN_ENUM_CONVERSION = YES;
				CLANG_WARN_INFINITE_RECURSION = YES;
				CLANG_WARN_INT_CONVERSION = YES;
				CLANG_WARN_OBJC_ROOT_CLASS = YES_ERROR;
				CLANG_WARN_SUSPICIOUS_MOVE = YES;
				CLANG_WARN_UNREACHABLE_CODE = YES;
				CLANG_WARN__DUPLICATE_METHOD_MATCH = YES;
				"CODE_SIGN_IDENTITY[sdk=iphoneos*]" = "iPhone Developer";
				COPY_PHASE_STRIP = NO;
				DEBUG_INFORMATION_FORMAT = "dwarf-with-dsym";
				ENABLE_NS_ASSERTIONS = NO;
				ENABLE_STRICT_OBJC_MSGSEND = YES;
				GCC_C_LANGUAGE_STANDARD = gnu99;
				GCC_NO_COMMON_BLOCKS = YES;
				GCC_WARN_64_TO_32_BIT_CONVERSION = YES;
				GCC_WARN_ABOUT_RETURN_TYPE = YES_ERROR;
				GCC_WARN_UNDECLARED_SELECTOR = YES;
				GCC_WARN_UNINITIALIZED_AUTOS = YES_AGGRESSIVE;
				GCC_WARN_UNUSED_FUNCTION = YES;
				GCC_WARN_UNUSED_VARIABLE = YES;
				IPHONEOS_DEPLOYMENT_TARGET = 10.2;
				MTL_ENABLE_DEBUG_INFO = NO;
				SDKROOT = iphoneos;
				SWIFT_OPTIMIZATION_LEVEL = "-Owholemodule";
				VALIDATE_PRODUCT = YES;
			};
			name = Release;
		};
		5A84ACF61F11E38D00FC0E9A /* Debug */ = {
			isa = XCBuildConfiguration;
			buildSettings = {
				ASSETCATALOG_COMPILER_APPICON_NAME = AppIcon;
				DEVELOPMENT_TEAM = 37FEVCHYTJ;
				INFOPLIST_FILE = AudioPlayer/Info.plist;
				IPHONEOS_DEPLOYMENT_TARGET = 10.0;
				LD_RUNPATH_SEARCH_PATHS = "$(inherited) @executable_path/Frameworks";
				PRODUCT_BUNDLE_IDENTIFIER = com.lonaldo.AudioPlayer;
				PRODUCT_NAME = "$(TARGET_NAME)";
				SWIFT_VERSION = 3.0;
			};
			name = Debug;
		};
		5A84ACF71F11E38D00FC0E9A /* Release */ = {
			isa = XCBuildConfiguration;
			buildSettings = {
				ASSETCATALOG_COMPILER_APPICON_NAME = AppIcon;
				DEVELOPMENT_TEAM = 37FEVCHYTJ;
				INFOPLIST_FILE = AudioPlayer/Info.plist;
				IPHONEOS_DEPLOYMENT_TARGET = 10.0;
				LD_RUNPATH_SEARCH_PATHS = "$(inherited) @executable_path/Frameworks";
				PRODUCT_BUNDLE_IDENTIFIER = com.lonaldo.AudioPlayer;
				PRODUCT_NAME = "$(TARGET_NAME)";
				SWIFT_VERSION = 3.0;
			};
			name = Release;
		};
/* End XCBuildConfiguration section */

/* Begin XCConfigurationList section */
		5A84ACDE1F11E38C00FC0E9A /* Build configuration list for PBXProject "AudioPlayer" */ = {
			isa = XCConfigurationList;
			buildConfigurations = (
				5A84ACF31F11E38D00FC0E9A /* Debug */,
				5A84ACF41F11E38D00FC0E9A /* Release */,
			);
			defaultConfigurationIsVisible = 0;
			defaultConfigurationName = Release;
		};
		5A84ACF51F11E38D00FC0E9A /* Build configuration list for PBXNativeTarget "AudioPlayer" */ = {
			isa = XCConfigurationList;
			buildConfigurations = (
				5A84ACF61F11E38D00FC0E9A /* Debug */,
				5A84ACF71F11E38D00FC0E9A /* Release */,
			);
			defaultConfigurationIsVisible = 0;
			defaultConfigurationName = Release;
		};
/* End XCConfigurationList section */
	};
	rootObject = 5A84ACDB1F11E38C00FC0E9A /* Project object */;
}
